
Microsoft Visual Studio Solution File, Format Version 12.00
# Visual Studio 15
VisualStudioVersion = 15.0.28307.489
MinimumVisualStudioVersion = 10.0.40219.1
Project("{F184B08F-C81C-45F6-A57F-5ABD9991F28F}") = "QueueStackSort", "QueueStackSort\QueueStackSort.vbproj", "{DF885882-DF8B-4E7B-89F6-CC04250A7D7C}"
EndProject
Global
	GlobalSection(SolutionConfigurationPlatforms) = preSolution
		Debug|Any CPU = Debug|Any CPU
		Release|Any CPU = Release|Any CPU
	EndGlobalSection
	GlobalSection(ProjectConfigurationPlatforms) = postSolution
		{DF885882-DF8B-4E7B-89F6-CC04250A7D7C}.Debug|Any CPU.ActiveCfg = Debug|Any CPU
		{DF885882-DF8B-4E7B-89F6-CC04250A7D7C}.Debug|Any CPU.Build.0 = Debug|Any CPU
		{DF885882-DF8B-4E7B-89F6-CC04250A7D7C}.Release|Any CPU.ActiveCfg = Release|Any CPU
		{DF885882-DF8B-4E7B-89F6-CC04250A7D7C}.Release|Any CPU.Build.0 = Release|Any CPU
	EndGlobalSection
	GlobalSection(SolutionProperties) = preSolution
		HideSolutionNode = FALSE
	EndGlobalSection
	GlobalSection(ExtensibilityGlobals) = postSolution
		SolutionGuid = {3FED2CCF-4105-4817-BAAF-BE83C72A4B06}
	EndGlobalSection
EndGlobal
